
Microsoft Visual Studio Solution File, Format Version 12.00
# Visual Studio for Mac
Project("{FAE04EC0-301F-11D3-BF4B-00C04F79EFBC}") = "EditorTest", "EditorTest.csproj", "{56B25A30-D4DE-8CCD-93EC-EAF500629250}"
EndProject
Project("{FAE04EC0-301F-11D3-BF4B-00C04F79EFBC}") = "EditorTest.Editor", "EditorTest.Editor.csproj", "{A54A5B99-526D-4D28-800C-574191405668}"
EndProject
Global
	GlobalSection(SolutionConfigurationPlatforms) = preSolution
		Debug|Any CPU = Debug|Any CPU
		Release|Any CPU = Release|Any CPU
	EndGlobalSection
	GlobalSection(ProjectConfigurationPlatforms) = postSolution
		{56B25A30-D4DE-8CCD-93EC-EAF500629250}.Debug|Any CPU.ActiveCfg = Debug|Any CPU
		{56B25A30-D4DE-8CCD-93EC-EAF500629250}.Debug|Any CPU.Build.0 = Debug|Any CPU
		{56B25A30-D4DE-8CCD-93EC-EAF500629250}.Release|Any CPU.ActiveCfg = Release|Any CPU
		{56B25A30-D4DE-8CCD-93EC-EAF500629250}.Release|Any CPU.Build.0 = Release|Any CPU
		{A54A5B99-526D-4D28-800C-574191405668}.Debug|Any CPU.ActiveCfg = Debug|Any CPU
		{A54A5B99-526D-4D28-800C-574191405668}.Debug|Any CPU.Build.0 = Debug|Any CPU
		{A54A5B99-526D-4D28-800C-574191405668}.Release|Any CPU.ActiveCfg = Release|Any CPU
		{A54A5B99-526D-4D28-800C-574191405668}.Release|Any CPU.Build.0 = Release|Any CPU
	EndGlobalSection
	GlobalSection(SolutionProperties) = preSolution
		HideSolutionNode = FALSE
	EndGlobalSection
EndGlobal
